
Microsoft Visual Studio Solution File, Format Version 12.00
# Visual Studio 15
VisualStudioVersion = 15.0.27130.2010
MinimumVisualStudioVersion = 10.0.40219.1
Project("{FAE04EC0-301F-11D3-BF4B-00C04F79EFBC}") = "HW1", "HW1\HW1.csproj", "{322E6B71-E2BB-433A-9314-0E203883C4BF}"
EndProject
Global
	GlobalSection(SolutionConfigurationPlatforms) = preSolution
		Debug|Any CPU = Debug|Any CPU
		Release|Any CPU = Release|Any CPU
	EndGlobalSection
	GlobalSection(ProjectConfigurationPlatforms) = postSolution
		{322E6B71-E2BB-433A-9314-0E203883C4BF}.Debug|Any CPU.ActiveCfg = Debug|Any CPU
		{322E6B71-E2BB-433A-9314-0E203883C4BF}.Debug|Any CPU.Build.0 = Debug|Any CPU
		{322E6B71-E2BB-433A-9314-0E203883C4BF}.Release|Any CPU.ActiveCfg = Release|Any CPU
		{322E6B71-E2BB-433A-9314-0E203883C4BF}.Release|Any CPU.Build.0 = Release|Any CPU
	EndGlobalSection
	GlobalSection(SolutionProperties) = preSolution
		HideSolutionNode = FALSE
	EndGlobalSection
	GlobalSection(ExtensibilityGlobals) = postSolution
		SolutionGuid = {00944DA0-2BEC-47CF-A17D-6207AC84ACFF}
	EndGlobalSection
EndGlobal
